<Solution>
  <Folder Name="/src/">
    <Project Path="src/ViverApp.Api/ViverApp.Api.csproj" />
    <Project Path="src/ViverApp.Security/ViverApp.Security.csproj" />
    <Project Path="src/ViverApp.Web/ViverApp.Web.csproj" />
  </Folder>
  <Folder Name="/tools/">
    <Project Path="tools/ViverApp.Database/ViverApp.Database.csproj" />
  </Folder>
  <Folder Name="/tests/">
    <Project Path="tests/ViverApp.ClinicalOperations.Tests/ViverApp.ClinicalOperations.Tests.csproj" />
    <Project Path="tests/ViverApp.ClinicAdministration.Tests/ViverApp.ClinicAdministration.Tests.csproj" />
    <Project Path="tests/ViverApp.Identity.Tests/ViverApp.Identity.Tests.csproj" />
    <Project Path="tests/ViverApp.PatientScheduling.Tests/ViverApp.PatientScheduling.Tests.csproj" />
    <Project Path="tests/ViverApp.Persistence.IntegrationTests/ViverApp.Persistence.IntegrationTests.csproj" />
    <Project Path="tests/ViverApp.Security.Tests/ViverApp.Security.Tests.csproj" />
    <Project Path="tests/ViverApp.Web.Tests/ViverApp.Web.Tests.csproj" />
  </Folder>
</Solution>
